// !$*UTF8*$!
{
	archiveVersion = 1;
	classes = {
	};
	objectVersion = 46;
	objects = {

/* Begin PBXBuildFile section */
		3186A0F11F235F42008D72E0 /* UIViewExtensions.swift in Sources */ = {isa = PBXBuildFile; fileRef = 3186A0F01F235F42008D72E0 /* UIViewExtensions.swift */; };
		3186A0F31F24BE84008D72E0 /* calendarTableViewCell.swift in Sources */ = {isa = PBXBuildFile; fileRef = 3186A0F21F24BE84008D72E0 /* calendarTableViewCell.swift */; };
		3186A0F51F253FD1008D72E0 /* AddCalendarViewController.swift in Sources */ = {isa = PBXBuildFile; fileRef = 3186A0F41F253FD1008D72E0 /* AddCalendarViewController.swift */; };
		3186A0F71F29349F008D72E0 /* CalendarAddedDelegate.swift in Sources */ = {isa = PBXBuildFile; fileRef = 3186A0F61F29349F008D72E0 /* CalendarAddedDelegate.swift */; };
		3186A0F91F2A7360008D72E0 /* EventsViewController.swift in Sources */ = {isa = PBXBuildFile; fileRef = 3186A0F81F2A7360008D72E0 /* EventsViewController.swift */; };
		3186A0FB1F2A74CF008D72E0 /* EventAddedDelegate.swift in Sources */ = {isa = PBXBuildFile; fileRef = 3186A0FA1F2A74CF008D72E0 /* EventAddedDelegate.swift */; };
		3186A0FD1F2A7E0D008D72E0 /* EventsTableViewCell.swift in Sources */ = {isa = PBXBuildFile; fileRef = 3186A0FC1F2A7E0D008D72E0 /* EventsTableViewCell.swift */; };
		3186A0FF1F2BDF58008D72E0 /* AddEventViewController.swift in Sources */ = {isa = PBXBuildFile; fileRef = 3186A0FE1F2BDF58008D72E0 /* AddEventViewController.swift */; };
		31A54DA51F21339800AF1F16 /* AppDelegate.swift in Sources */ = {isa = PBXBuildFile; fileRef = 31A54DA41F21339800AF1F16 /* AppDelegate.swift */; };
		31A54DA71F21339800AF1F16 /* ViewController.swift in Sources */ = {isa = PBXBuildFile; fileRef = 31A54DA61F21339800AF1F16 /* ViewController.swift */; };
		31A54DAA1F21339800AF1F16 /* Main.storyboard in Resources */ = {isa = PBXBuildFile; fileRef = 31A54DA81F21339800AF1F16 /* Main.storyboard */; };
		31A54DAC1F21339800AF1F16 /* Assets.xcassets in Resources */ = {isa = PBXBuildFile; fileRef = 31A54DAB1F21339800AF1F16 /* Assets.xcassets */; };
		31A54DAF1F21339800AF1F16 /* LaunchScreen.storyboard in Resources */ = {isa = PBXBuildFile; fileRef = 31A54DAD1F21339800AF1F16 /* LaunchScreen.storyboard */; };
		31A54DBA1F21339800AF1F16 /* eventTrackerTests.swift in Sources */ = {isa = PBXBuildFile; fileRef = 31A54DB91F21339800AF1F16 /* eventTrackerTests.swift */; };
		9B46E3AA1F8185D8008F514E /* LTPTableViewCell.swift in Sources */ = {isa = PBXBuildFile; fileRef = 9B46E3A91F8185D8008F514E /* LTPTableViewCell.swift */; };
		9B6A96B61F649B5200A03CC2 /* AnimationClass.swift in Sources */ = {isa = PBXBuildFile; fileRef = 9B6A96B51F649B5200A03CC2 /* AnimationClass.swift */; };
		9B6EE04B1F48367A00FB7939 /* JTCalendarEventTableViewCell.swift in Sources */ = {isa = PBXBuildFile; fileRef = 9B6EE04A1F48367A00FB7939 /* JTCalendarEventTableViewCell.swift */; };
		9B70EF6A1F35BC0D008A57D2 /* CustomCell.swift in Sources */ = {isa = PBXBuildFile; fileRef = 9B70EF691F35BC0D008A57D2 /* CustomCell.swift */; };
		9B70EF6C1F35BDC1008A57D2 /* JTCalendarViewController.swift in Sources */ = {isa = PBXBuildFile; fileRef = 9B70EF6B1F35BDC1008A57D2 /* JTCalendarViewController.swift */; };
		9B9BECD61F55FDEA0004A725 /* Diaries.xcdatamodeld in Sources */ = {isa = PBXBuildFile; fileRef = 9B9BECD41F55FDEA0004A725 /* Diaries.xcdatamodeld */; };
		9BAD1A861F91512600D7802E /* CheckboxLabel.swift in Sources */ = {isa = PBXBuildFile; fileRef = 9BAD1A851F91512600D7802E /* CheckboxLabel.swift */; };
		9BAD1A881F92B0F100D7802E /* ChartViewController.swift in Sources */ = {isa = PBXBuildFile; fileRef = 9BAD1A871F92B0F100D7802E /* ChartViewController.swift */; };
		9BAD1A8A1F93C4BF00D7802E /* ExamplesDefaults.swift in Sources */ = {isa = PBXBuildFile; fileRef = 9BAD1A891F93C4BF00D7802E /* ExamplesDefaults.swift */; };
		9BAD1A8C1F93D94500D7802E /* Env.swift in Sources */ = {isa = PBXBuildFile; fileRef = 9BAD1A8B1F93D94500D7802E /* Env.swift */; };
		9BB55CE31F7C3F2C00FE0335 /* CalendarHandler.swift in Sources */ = {isa = PBXBuildFile; fileRef = 9BB55CE21F7C3F2C00FE0335 /* CalendarHandler.swift */; };
		9BB55CE51F7F959900FE0335 /* LTProjectViewController.swift in Sources */ = {isa = PBXBuildFile; fileRef = 9BB55CE41F7F959900FE0335 /* LTProjectViewController.swift */; };
		9BCDB12E1F4A2AEF008F9632 /* CalendarDefaultSetting.swift in Sources */ = {isa = PBXBuildFile; fileRef = 9BCDB12D1F4A2AEF008F9632 /* CalendarDefaultSetting.swift */; };
		9BD177511F83E56E003378C2 /* Checkbox.swift in Sources */ = {isa = PBXBuildFile; fileRef = 9BD177501F83E56E003378C2 /* Checkbox.swift */; };
		9BDBB2351F7AC11C0016CD15 /* LTTableViewTableViewController.swift in Sources */ = {isa = PBXBuildFile; fileRef = 9BDBB2341F7AC11C0016CD15 /* LTTableViewTableViewController.swift */; };
		9BEA742A1F5A01B0004D6A07 /* Diaries+CoreDataProperties.swift in Sources */ = {isa = PBXBuildFile; fileRef = 9BEA74291F5A01B0004D6A07 /* Diaries+CoreDataProperties.swift */; };
		9BEA742C1F5A01B5004D6A07 /* Diaries+CoreDataClass.swift in Sources */ = {isa = PBXBuildFile; fileRef = 9BEA742B1F5A01B5004D6A07 /* Diaries+CoreDataClass.swift */; };
		AE8292AC573D7C6250921686 /* Pods_eventTracker.framework in Frameworks */ = {isa = PBXBuildFile; fileRef = 88C371CC5C5E23263336C66C /* Pods_eventTracker.framework */; };
/* End PBXBuildFile section */

/* Begin PBXContainerItemProxy section */
		31A54DB61F21339800AF1F16 /* PBXContainerItemProxy */ = {
			isa = PBXContainerItemProxy;
			containerPortal = 31A54D991F21339800AF1F16 /* Project object */;
			proxyType = 1;
			remoteGlobalIDString = 31A54DA01F21339800AF1F16;
			remoteInfo = eventTracker;
		};
/* End PBXContainerItemProxy section */

/* Begin PBXFileReference section */
		2D852D3B0181B16CC57D05FD /* Pods-eventTracker.debug.xcconfig */ = {isa = PBXFileReference; includeInIndex = 1; lastKnownFileType = text.xcconfig; name = "Pods-eventTracker.debug.xcconfig"; path = "Pods/Target Support Files/Pods-eventTracker/Pods-eventTracker.debug.xcconfig"; sourceTree = "<group>"; };
		3186A0F01F235F42008D72E0 /* UIViewExtensions.swift */ = {isa = PBXFileReference; fileEncoding = 4; lastKnownFileType = sourcecode.swift; path = UIViewExtensions.swift; sourceTree = "<group>"; };
		3186A0F21F24BE84008D72E0 /* calendarTableViewCell.swift */ = {isa = PBXFileReference; fileEncoding = 4; lastKnownFileType = sourcecode.swift; path = calendarTableViewCell.swift; sourceTree = "<group>"; };
		3186A0F41F253FD1008D72E0 /* AddCalendarViewController.swift */ = {isa = PBXFileReference; fileEncoding = 4; lastKnownFileType = sourcecode.swift; path = AddCalendarViewController.swift; sourceTree = "<group>"; };
		3186A0F61F29349F008D72E0 /* CalendarAddedDelegate.swift */ = {isa = PBXFileReference; fileEncoding = 4; lastKnownFileType = sourcecode.swift; path = CalendarAddedDelegate.swift; sourceTree = "<group>"; };
		3186A0F81F2A7360008D72E0 /* EventsViewController.swift */ = {isa = PBXFileReference; fileEncoding = 4; lastKnownFileType = sourcecode.swift; path = EventsViewController.swift; sourceTree = "<group>"; };
		3186A0FA1F2A74CF008D72E0 /* EventAddedDelegate.swift */ = {isa = PBXFileReference; fileEncoding = 4; lastKnownFileType = sourcecode.swift; path = EventAddedDelegate.swift; sourceTree = "<group>"; };
		3186A0FC1F2A7E0D008D72E0 /* EventsTableViewCell.swift */ = {isa = PBXFileReference; fileEncoding = 4; lastKnownFileType = sourcecode.swift; path = EventsTableViewCell.swift; sourceTree = "<group>"; };
		3186A0FE1F2BDF58008D72E0 /* AddEventViewController.swift */ = {isa = PBXFileReference; fileEncoding = 4; lastKnownFileType = sourcecode.swift; path = AddEventViewController.swift; sourceTree = "<group>"; };
		31A54DA11F21339800AF1F16 /* eventTracker.app */ = {isa = PBXFileReference; explicitFileType = wrapper.application; includeInIndex = 0; path = eventTracker.app; sourceTree = BUILT_PRODUCTS_DIR; };
		31A54DA41F21339800AF1F16 /* AppDelegate.swift */ = {isa = PBXFileReference; lastKnownFileType = sourcecode.swift; path = AppDelegate.swift; sourceTree = "<group>"; };
		31A54DA61F21339800AF1F16 /* ViewController.swift */ = {isa = PBXFileReference; lastKnownFileType = sourcecode.swift; path = ViewController.swift; sourceTree = "<group>"; };
		31A54DA91F21339800AF1F16 /* Base */ = {isa = PBXFileReference; lastKnownFileType = file.storyboard; name = Base; path = Base.lproj/Main.storyboard; sourceTree = "<group>"; };
		31A54DAB1F21339800AF1F16 /* Assets.xcassets */ = {isa = PBXFileReference; lastKnownFileType = folder.assetcatalog; path = Assets.xcassets; sourceTree = "<group>"; };
		31A54DAE1F21339800AF1F16 /* Base */ = {isa = PBXFileReference; lastKnownFileType = file.storyboard; name = Base; path = Base.lproj/LaunchScreen.storyboard; sourceTree = "<group>"; };
		31A54DB01F21339800AF1F16 /* Info.plist */ = {isa = PBXFileReference; lastKnownFileType = text.plist.xml; path = Info.plist; sourceTree = "<group>"; };
		31A54DB51F21339800AF1F16 /* eventTrackerTests.xctest */ = {isa = PBXFileReference; explicitFileType = wrapper.cfbundle; includeInIndex = 0; path = eventTrackerTests.xctest; sourceTree = BUILT_PRODUCTS_DIR; };
		31A54DB91F21339800AF1F16 /* eventTrackerTests.swift */ = {isa = PBXFileReference; lastKnownFileType = sourcecode.swift; path = eventTrackerTests.swift; sourceTree = "<group>"; };
		31A54DBB1F21339800AF1F16 /* Info.plist */ = {isa = PBXFileReference; lastKnownFileType = text.plist.xml; path = Info.plist; sourceTree = "<group>"; };
		671B730EB999F5CD26A46320 /* Pods-eventTracker.release.xcconfig */ = {isa = PBXFileReference; includeInIndex = 1; lastKnownFileType = text.xcconfig; name = "Pods-eventTracker.release.xcconfig"; path = "Pods/Target Support Files/Pods-eventTracker/Pods-eventTracker.release.xcconfig"; sourceTree = "<group>"; };
		88C371CC5C5E23263336C66C /* Pods_eventTracker.framework */ = {isa = PBXFileReference; explicitFileType = wrapper.framework; includeInIndex = 0; path = Pods_eventTracker.framework; sourceTree = BUILT_PRODUCTS_DIR; };
		9B46E3A91F8185D8008F514E /* LTPTableViewCell.swift */ = {isa = PBXFileReference; lastKnownFileType = sourcecode.swift; path = LTPTableViewCell.swift; sourceTree = "<group>"; };
		9B6A96B51F649B5200A03CC2 /* AnimationClass.swift */ = {isa = PBXFileReference; fileEncoding = 4; lastKnownFileType = sourcecode.swift; path = AnimationClass.swift; sourceTree = "<group>"; };
		9B6EE04A1F48367A00FB7939 /* JTCalendarEventTableViewCell.swift */ = {isa = PBXFileReference; fileEncoding = 4; lastKnownFileType = sourcecode.swift; path = JTCalendarEventTableViewCell.swift; sourceTree = "<group>"; };
		9B70EF691F35BC0D008A57D2 /* CustomCell.swift */ = {isa = PBXFileReference; fileEncoding = 4; lastKnownFileType = sourcecode.swift; path = CustomCell.swift; sourceTree = "<group>"; };
		9B70EF6B1F35BDC1008A57D2 /* JTCalendarViewController.swift */ = {isa = PBXFileReference; fileEncoding = 4; lastKnownFileType = sourcecode.swift; path = JTCalendarViewController.swift; sourceTree = "<group>"; };
		9B9BECD51F55FDEA0004A725 /* Diaries.xcdatamodel */ = {isa = PBXFileReference; lastKnownFileType = wrapper.xcdatamodel; path = Diaries.xcdatamodel; sourceTree = "<group>"; };
		9BAD1A851F91512600D7802E /* CheckboxLabel.swift */ = {isa = PBXFileReference; lastKnownFileType = sourcecode.swift; path = CheckboxLabel.swift; sourceTree = "<group>"; };
		9BAD1A871F92B0F100D7802E /* ChartViewController.swift */ = {isa = PBXFileReference; lastKnownFileType = sourcecode.swift; path = ChartViewController.swift; sourceTree = "<group>"; };
		9BAD1A891F93C4BF00D7802E /* ExamplesDefaults.swift */ = {isa = PBXFileReference; lastKnownFileType = sourcecode.swift; path = ExamplesDefaults.swift; sourceTree = "<group>"; };
		9BAD1A8B1F93D94500D7802E /* Env.swift */ = {isa = PBXFileReference; lastKnownFileType = sourcecode.swift; path = Env.swift; sourceTree = "<group>"; };
		9BB55CE21F7C3F2C00FE0335 /* CalendarHandler.swift */ = {isa = PBXFileReference; lastKnownFileType = sourcecode.swift; path = CalendarHandler.swift; sourceTree = "<group>"; };
		9BB55CE41F7F959900FE0335 /* LTProjectViewController.swift */ = {isa = PBXFileReference; lastKnownFileType = sourcecode.swift; path = LTProjectViewController.swift; sourceTree = "<group>"; };
		9BCDB12D1F4A2AEF008F9632 /* CalendarDefaultSetting.swift */ = {isa = PBXFileReference; fileEncoding = 4; lastKnownFileType = sourcecode.swift; path = CalendarDefaultSetting.swift; sourceTree = "<group>"; };
		9BD177501F83E56E003378C2 /* Checkbox.swift */ = {isa = PBXFileReference; lastKnownFileType = sourcecode.swift; path = Checkbox.swift; sourceTree = "<group>"; };
		9BDBB2341F7AC11C0016CD15 /* LTTableViewTableViewController.swift */ = {isa = PBXFileReference; lastKnownFileType = sourcecode.swift; path = LTTableViewTableViewController.swift; sourceTree = "<group>"; };
		9BEA74291F5A01B0004D6A07 /* Diaries+CoreDataProperties.swift */ = {isa = PBXFileReference; fileEncoding = 4; lastKnownFileType = sourcecode.swift; path = "Diaries+CoreDataProperties.swift"; sourceTree = "<group>"; };
		9BEA742B1F5A01B5004D6A07 /* Diaries+CoreDataClass.swift */ = {isa = PBXFileReference; fileEncoding = 4; lastKnownFileType = sourcecode.swift; path = "Diaries+CoreDataClass.swift"; sourceTree = "<group>"; };
/* End PBXFileReference section */

/* Begin PBXFrameworksBuildPhase section */
		31A54D9E1F21339800AF1F16 /* Frameworks */ = {
			isa = PBXFrameworksBuildPhase;
			buildActionMask = 2147483647;
			files = (
				AE8292AC573D7C6250921686 /* Pods_eventTracker.framework in Frameworks */,
			);
			runOnlyForDeploymentPostprocessing = 0;
		};
		31A54DB21F21339800AF1F16 /* Frameworks */ = {
			isa = PBXFrameworksBuildPhase;
			buildActionMask = 2147483647;
			files = (
			);
			runOnlyForDeploymentPostprocessing = 0;
		};
/* End PBXFrameworksBuildPhase section */

/* Begin PBXGroup section */
		1206106D1F1CC6E34FFB7F19 /* Frameworks */ = {
			isa = PBXGroup;
			children = (
				88C371CC5C5E23263336C66C /* Pods_eventTracker.framework */,
			);
			name = Frameworks;
			sourceTree = "<group>";
		};
		31A54D981F21339800AF1F16 = {
			isa = PBXGroup;
			children = (
				31A54DA31F21339800AF1F16 /* eventTracker */,
				31A54DB81F21339800AF1F16 /* eventTrackerTests */,
				31A54DA21F21339800AF1F16 /* Products */,
				AF938B5E0C81769C48B85205 /* Pods */,
				1206106D1F1CC6E34FFB7F19 /* Frameworks */,
			);
			sourceTree = "<group>";
		};
		31A54DA21F21339800AF1F16 /* Products */ = {
			isa = PBXGroup;
			children = (
				31A54DA11F21339800AF1F16 /* eventTracker.app */,
				31A54DB51F21339800AF1F16 /* eventTrackerTests.xctest */,
			);
			name = Products;
			sourceTree = "<group>";
		};
		31A54DA31F21339800AF1F16 /* eventTracker */ = {
			isa = PBXGroup;
			children = (
				9BEA74291F5A01B0004D6A07 /* Diaries+CoreDataProperties.swift */,
				9B6A96B51F649B5200A03CC2 /* AnimationClass.swift */,
				9BEA742B1F5A01B5004D6A07 /* Diaries+CoreDataClass.swift */,
				31A54DA41F21339800AF1F16 /* AppDelegate.swift */,
				31A54DA61F21339800AF1F16 /* ViewController.swift */,
				9B70EF6B1F35BDC1008A57D2 /* JTCalendarViewController.swift */,
				9B6EE04A1F48367A00FB7939 /* JTCalendarEventTableViewCell.swift */,
				9BB55CE21F7C3F2C00FE0335 /* CalendarHandler.swift */,
				9BCDB12D1F4A2AEF008F9632 /* CalendarDefaultSetting.swift */,
				3186A0F01F235F42008D72E0 /* UIViewExtensions.swift */,
				3186A0F81F2A7360008D72E0 /* EventsViewController.swift */,
				31A54DA81F21339800AF1F16 /* Main.storyboard */,
				9BAD1A891F93C4BF00D7802E /* ExamplesDefaults.swift */,
				9BAD1A871F92B0F100D7802E /* ChartViewController.swift */,
				9BAD1A8B1F93D94500D7802E /* Env.swift */,
				9BD177501F83E56E003378C2 /* Checkbox.swift */,
				9BAD1A851F91512600D7802E /* CheckboxLabel.swift */,
				9B46E3A91F8185D8008F514E /* LTPTableViewCell.swift */,
				9BDBB2341F7AC11C0016CD15 /* LTTableViewTableViewController.swift */,
				9BB55CE41F7F959900FE0335 /* LTProjectViewController.swift */,
				3186A0FE1F2BDF58008D72E0 /* AddEventViewController.swift */,
				3186A0FC1F2A7E0D008D72E0 /* EventsTableViewCell.swift */,
				3186A0FA1F2A74CF008D72E0 /* EventAddedDelegate.swift */,
				9B9BECD41F55FDEA0004A725 /* Diaries.xcdatamodeld */,
				3186A0F61F29349F008D72E0 /* CalendarAddedDelegate.swift */,
				3186A0F41F253FD1008D72E0 /* AddCalendarViewController.swift */,
				3186A0F21F24BE84008D72E0 /* calendarTableViewCell.swift */,
				31A54DAB1F21339800AF1F16 /* Assets.xcassets */,
				31A54DAD1F21339800AF1F16 /* LaunchScreen.storyboard */,
				31A54DB01F21339800AF1F16 /* Info.plist */,
				9B70EF691F35BC0D008A57D2 /* CustomCell.swift */,
			);
			path = eventTracker;
			sourceTree = "<group>";
		};
		31A54DB81F21339800AF1F16 /* eventTrackerTests */ = {
			isa = PBXGroup;
			children = (
				31A54DB91F21339800AF1F16 /* eventTrackerTests.swift */,
				31A54DBB1F21339800AF1F16 /* Info.plist */,
			);
			path = eventTrackerTests;
			sourceTree = "<group>";
		};
		AF938B5E0C81769C48B85205 /* Pods */ = {
			isa = PBXGroup;
			children = (
				2D852D3B0181B16CC57D05FD /* Pods-eventTracker.debug.xcconfig */,
				671B730EB999F5CD26A46320 /* Pods-eventTracker.release.xcconfig */,
			);
			name = Pods;
			sourceTree = "<group>";
		};
/* End PBXGroup section */

/* Begin PBXNativeTarget section */
		31A54DA01F21339800AF1F16 /* eventTracker */ = {
			isa = PBXNativeTarget;
			buildConfigurationList = 31A54DBE1F21339800AF1F16 /* Build configuration list for PBXNativeTarget "eventTracker" */;
			buildPhases = (
				E8500D854D9FE85336A90951 /* [CP] Check Pods Manifest.lock */,
				31A54D9D1F21339800AF1F16 /* Sources */,
				31A54D9E1F21339800AF1F16 /* Frameworks */,
				31A54D9F1F21339800AF1F16 /* Resources */,
				E72E0D0B01FF61EF70B45DEB /* [CP] Embed Pods Frameworks */,
				B9F6189F64C344A022A302C2 /* [CP] Copy Pods Resources */,
			);
			buildRules = (
			);
			dependencies = (
			);
			name = eventTracker;
			productName = eventTracker;
			productReference = 31A54DA11F21339800AF1F16 /* eventTracker.app */;
			productType = "com.apple.product-type.application";
		};
		31A54DB41F21339800AF1F16 /* eventTrackerTests */ = {
			isa = PBXNativeTarget;
			buildConfigurationList = 31A54DC11F21339800AF1F16 /* Build configuration list for PBXNativeTarget "eventTrackerTests" */;
			buildPhases = (
				31A54DB11F21339800AF1F16 /* Sources */,
				31A54DB21F21339800AF1F16 /* Frameworks */,
				31A54DB31F21339800AF1F16 /* Resources */,
			);
			buildRules = (
			);
			dependencies = (
				31A54DB71F21339800AF1F16 /* PBXTargetDependency */,
			);
			name = eventTrackerTests;
			productName = eventTrackerTests;
			productReference = 31A54DB51F21339800AF1F16 /* eventTrackerTests.xctest */;
			productType = "com.apple.product-type.bundle.unit-test";
		};
/* End PBXNativeTarget section */

/* Begin PBXProject section */
		31A54D991F21339800AF1F16 /* Project object */ = {
			isa = PBXProject;
			attributes = {
				LastSwiftUpdateCheck = 0830;
				LastUpgradeCheck = 0830;
				ORGANIZATIONNAME = ChangDiqing;
				TargetAttributes = {
					31A54DA01F21339800AF1F16 = {
						CreatedOnToolsVersion = 8.3.2;
						ProvisioningStyle = Automatic;
					};
					31A54DB41F21339800AF1F16 = {
						CreatedOnToolsVersion = 8.3.2;
						ProvisioningStyle = Automatic;
						TestTargetID = 31A54DA01F21339800AF1F16;
					};
				};
			};
			buildConfigurationList = 31A54D9C1F21339800AF1F16 /* Build configuration list for PBXProject "eventTracker" */;
			compatibilityVersion = "Xcode 3.2";
			developmentRegion = English;
			hasScannedForEncodings = 0;
			knownRegions = (
				en,
				Base,
			);
			mainGroup = 31A54D981F21339800AF1F16;
			productRefGroup = 31A54DA21F21339800AF1F16 /* Products */;
			projectDirPath = "";
			projectRoot = "";
			targets = (
				31A54DA01F21339800AF1F16 /* eventTracker */,
				31A54DB41F21339800AF1F16 /* eventTrackerTests */,
			);
		};
/* End PBXProject section */

/* Begin PBXResourcesBuildPhase section */
		31A54D9F1F21339800AF1F16 /* Resources */ = {
			isa = PBXResourcesBuildPhase;
			buildActionMask = 2147483647;
			files = (
				31A54DAF1F21339800AF1F16 /* LaunchScreen.storyboard in Resources */,
				31A54DAC1F21339800AF1F16 /* Assets.xcassets in Resources */,
				31A54DAA1F21339800AF1F16 /* Main.storyboard in Resources */,
			);
			runOnlyForDeploymentPostprocessing = 0;
		};
		31A54DB31F21339800AF1F16 /* Resources */ = {
			isa = PBXResourcesBuildPhase;
			buildActionMask = 2147483647;
			files = (
			);
			runOnlyForDeploymentPostprocessing = 0;
		};
/* End PBXResourcesBuildPhase section */

/* Begin PBXShellScriptBuildPhase section */
		B9F6189F64C344A022A302C2 /* [CP] Copy Pods Resources */ = {
			isa = PBXShellScriptBuildPhase;
			buildActionMask = 2147483647;
			files = (
			);
			inputPaths = (
			);
			name = "[CP] Copy Pods Resources";
			outputPaths = (
			);
			runOnlyForDeploymentPostprocessing = 0;
			shellPath = /bin/sh;
			shellScript = "\"${SRCROOT}/Pods/Target Support Files/Pods-eventTracker/Pods-eventTracker-resources.sh\"\n";
			showEnvVarsInLog = 0;
		};
		E72E0D0B01FF61EF70B45DEB /* [CP] Embed Pods Frameworks */ = {
			isa = PBXShellScriptBuildPhase;
			buildActionMask = 2147483647;
			files = (
			);
			inputPaths = (
				"${SRCROOT}/Pods/Target Support Files/Pods-eventTracker/Pods-eventTracker-frameworks.sh",
				"${BUILT_PRODUCTS_DIR}/JTAppleCalendar/JTAppleCalendar.framework",
				"${BUILT_PRODUCTS_DIR}/SpreadsheetView/SpreadsheetView.framework",
				"${BUILT_PRODUCTS_DIR}/SwiftCharts/SwiftCharts.framework",
			);
			name = "[CP] Embed Pods Frameworks";
			outputPaths = (
				"${TARGET_BUILD_DIR}/${FRAMEWORKS_FOLDER_PATH}/JTAppleCalendar.framework",
				"${TARGET_BUILD_DIR}/${FRAMEWORKS_FOLDER_PATH}/SpreadsheetView.framework",
				"${TARGET_BUILD_DIR}/${FRAMEWORKS_FOLDER_PATH}/SwiftCharts.framework",
			);
			runOnlyForDeploymentPostprocessing = 0;
			shellPath = /bin/sh;
			shellScript = "\"${SRCROOT}/Pods/Target Support Files/Pods-eventTracker/Pods-eventTracker-frameworks.sh\"\n";
			showEnvVarsInLog = 0;
		};
		E8500D854D9FE85336A90951 /* [CP] Check Pods Manifest.lock */ = {
			isa = PBXShellScriptBuildPhase;
			buildActionMask = 2147483647;
			files = (
			);
			inputPaths = (
				"${PODS_PODFILE_DIR_PATH}/Podfile.lock",
				"${PODS_ROOT}/Manifest.lock",
			);
			name = "[CP] Check Pods Manifest.lock";
			outputPaths = (
				"$(DERIVED_FILE_DIR)/Pods-eventTracker-checkManifestLockResult.txt",
			);
			runOnlyForDeploymentPostprocessing = 0;
			shellPath = /bin/sh;
			shellScript = "diff \"${PODS_PODFILE_DIR_PATH}/Podfile.lock\" \"${PODS_ROOT}/Manifest.lock\" > /dev/null\nif [ $? != 0 ] ; then\n    # print error to STDERR\n    echo \"error: The sandbox is not in sync with the Podfile.lock. Run 'pod install' or update your CocoaPods installation.\" >&2\n    exit 1\nfi\n# This output is used by Xcode 'outputs' to avoid re-running this script phase.\necho \"SUCCESS\" > \"${SCRIPT_OUTPUT_FILE_0}\"\n";
			showEnvVarsInLog = 0;
		};
/* End PBXShellScriptBuildPhase section */

/* Begin PBXSourcesBuildPhase section */
		31A54D9D1F21339800AF1F16 /* Sources */ = {
			isa = PBXSourcesBuildPhase;
			buildActionMask = 2147483647;
			files = (
				31A54DA71F21339800AF1F16 /* ViewController.swift in Sources */,
				3186A0FF1F2BDF58008D72E0 /* AddEventViewController.swift in Sources */,
				9B70EF6A1F35BC0D008A57D2 /* CustomCell.swift in Sources */,
				3186A0F71F29349F008D72E0 /* CalendarAddedDelegate.swift in Sources */,
				9B70EF6C1F35BDC1008A57D2 /* JTCalendarViewController.swift in Sources */,
				9BB55CE51F7F959900FE0335 /* LTProjectViewController.swift in Sources */,
				9B6A96B61F649B5200A03CC2 /* AnimationClass.swift in Sources */,
				9BD177511F83E56E003378C2 /* Checkbox.swift in Sources */,
				3186A0FB1F2A74CF008D72E0 /* EventAddedDelegate.swift in Sources */,
				9B9BECD61F55FDEA0004A725 /* Diaries.xcdatamodeld in Sources */,
				3186A0F11F235F42008D72E0 /* UIViewExtensions.swift in Sources */,
				9B6EE04B1F48367A00FB7939 /* JTCalendarEventTableViewCell.swift in Sources */,
				9BCDB12E1F4A2AEF008F9632 /* CalendarDefaultSetting.swift in Sources */,
				9BAD1A861F91512600D7802E /* CheckboxLabel.swift in Sources */,
				3186A0F51F253FD1008D72E0 /* AddCalendarViewController.swift in Sources */,
				9BB55CE31F7C3F2C00FE0335 /* CalendarHandler.swift in Sources */,
				3186A0F91F2A7360008D72E0 /* EventsViewController.swift in Sources */,
				9BEA742C1F5A01B5004D6A07 /* Diaries+CoreDataClass.swift in Sources */,
				31A54DA51F21339800AF1F16 /* AppDelegate.swift in Sources */,
				9BAD1A881F92B0F100D7802E /* ChartViewController.swift in Sources */,
				9BAD1A8A1F93C4BF00D7802E /* ExamplesDefaults.swift in Sources */,
				9BAD1A8C1F93D94500D7802E /* Env.swift in Sources */,
				3186A0FD1F2A7E0D008D72E0 /* EventsTableViewCell.swift in Sources */,
				9B46E3AA1F8185D8008F514E /* LTPTableViewCell.swift in Sources */,
				9BDBB2351F7AC11C0016CD15 /* LTTableViewTableViewController.swift in Sources */,
				9BEA742A1F5A01B0004D6A07 /* Diaries+CoreDataProperties.swift in Sources */,
				3186A0F31F24BE84008D72E0 /* calendarTableViewCell.swift in Sources */,
			);
			runOnlyForDeploymentPostprocessing = 0;
		};
		31A54DB11F21339800AF1F16 /* Sources */ = {
			isa = PBXSourcesBuildPhase;
			buildActionMask = 2147483647;
			files = (
				31A54DBA1F21339800AF1F16 /* eventTrackerTests.swift in Sources */,
			);
			runOnlyForDeploymentPostprocessing = 0;
		};
/* End PBXSourcesBuildPhase section */

/* Begin PBXTargetDependency section */
		31A54DB71F21339800AF1F16 /* PBXTargetDependency */ = {
			isa = PBXTargetDependency;
			target = 31A54DA01F21339800AF1F16 /* eventTracker */;
			targetProxy = 31A54DB61F21339800AF1F16 /* PBXContainerItemProxy */;
		};
/* End PBXTargetDependency section */

/* Begin PBXVariantGroup section */
		31A54DA81F21339800AF1F16 /* Main.storyboard */ = {
			isa = PBXVariantGroup;
			children = (
				31A54DA91F21339800AF1F16 /* Base */,
			);
			name = Main.storyboard;
			sourceTree = "<group>";
		};
		31A54DAD1F21339800AF1F16 /* LaunchScreen.storyboard */ = {
			isa = PBXVariantGroup;
			children = (
				31A54DAE1F21339800AF1F16 /* Base */,
			);
			name = LaunchScreen.storyboard;
			sourceTree = "<group>";
		};
/* End PBXVariantGroup section */

/* Begin XCBuildConfiguration section */
		31A54DBC1F21339800AF1F16 /* Debug */ = {
			isa = XCBuildConfiguration;
			buildSettings = {
				ALWAYS_SEARCH_USER_PATHS = NO;
				CLANG_ANALYZER_NONNULL = YES;
				CLANG_ANALYZER_NUMBER_OBJECT_CONVERSION = YES_AGGRESSIVE;
				CLANG_CXX_LANGUAGE_STANDARD = "gnu++0x";
				CLANG_CXX_LIBRARY = "libc++";
				CLANG_ENABLE_MODULES = YES;
				CLANG_ENABLE_OBJC_ARC = YES;
				CLANG_WARN_BOOL_CONVERSION = YES;
				CLANG_WARN_CONSTANT_CONVERSION = YES;
				CLANG_WARN_DIRECT_OBJC_ISA_USAGE = YES_ERROR;
				CLANG_WARN_DOCUMENTATION_COMMENTS = YES;
				CLANG_WARN_EMPTY_BODY = YES;
				CLANG_WARN_ENUM_CONVERSION = YES;
				CLANG_WARN_INFINITE_RECURSION = YES;
				CLANG_WARN_INT_CONVERSION = YES;
				CLANG_WARN_OBJC_ROOT_CLASS = YES_ERROR;
				CLANG_WARN_SUSPICIOUS_MOVE = YES;
				CLANG_WARN_UNREACHABLE_CODE = YES;
				CLANG_WARN__DUPLICATE_METHOD_MATCH = YES;
				"CODE_SIGN_IDENTITY[sdk=iphoneos*]" = "iPhone Developer";
				COPY_PHASE_STRIP = NO;
				DEBUG_INFORMATION_FORMAT = dwarf;
				ENABLE_STRICT_OBJC_MSGSEND = YES;
				ENABLE_TESTABILITY = YES;
				GCC_C_LANGUAGE_STANDARD = gnu99;
				GCC_DYNAMIC_NO_PIC = NO;
				GCC_NO_COMMON_BLOCKS = YES;
				GCC_OPTIMIZATION_LEVEL = 0;
				GCC_PREPROCESSOR_DEFINITIONS = (
					"DEBUG=1",
					"$(inherited)",
				);
				GCC_WARN_64_TO_32_BIT_CONVERSION = YES;
				GCC_WARN_ABOUT_RETURN_TYPE = YES_ERROR;
				GCC_WARN_UNDECLARED_SELECTOR = YES;
				GCC_WARN_UNINITIALIZED_AUTOS = YES_AGGRESSIVE;
				GCC_WARN_UNUSED_FUNCTION = YES;
				GCC_WARN_UNUSED_VARIABLE = YES;
				IPHONEOS_DEPLOYMENT_TARGET = 10.3;
				MTL_ENABLE_DEBUG_INFO = YES;
				ONLY_ACTIVE_ARCH = YES;
				SDKROOT = iphoneos;
				SWIFT_ACTIVE_COMPILATION_CONDITIONS = DEBUG;
				SWIFT_OPTIMIZATION_LEVEL = "-Onone";
				TARGETED_DEVICE_FAMILY = "1,2";
			};
			name = Debug;
		};
		31A54DBD1F21339800AF1F16 /* Release */ = {
			isa = XCBuildConfiguration;
			buildSettings = {
				ALWAYS_SEARCH_USER_PATHS = NO;
				CLANG_ANALYZER_NONNULL = YES;
				CLANG_ANALYZER_NUMBER_OBJECT_CONVERSION = YES_AGGRESSIVE;
				CLANG_CXX_LANGUAGE_STANDARD = "gnu++0x";
				CLANG_CXX_LIBRARY = "libc++";
				CLANG_ENABLE_MODULES = YES;
				CLANG_ENABLE_OBJC_ARC = YES;
				CLANG_WARN_BOOL_CONVERSION = YES;
				CLANG_WARN_CONSTANT_CONVERSION = YES;
				CLANG_WARN_DIRECT_OBJC_ISA_USAGE = YES_ERROR;
				CLANG_WARN_DOCUMENTATION_COMMENTS = YES;
				CLANG_WARN_EMPTY_BODY = YES;
				CLANG_WARN_ENUM_CONVERSION = YES;
				CLANG_WARN_INFINITE_RECURSION = YES;
				CLANG_WARN_INT_CONVERSION = YES;
				CLANG_WARN_OBJC_ROOT_CLASS = YES_ERROR;
				CLANG_WARN_SUSPICIOUS_MOVE = YES;
				CLANG_WARN_UNREACHABLE_CODE = YES;
				CLANG_WARN__DUPLICATE_METHOD_MATCH = YES;
				"CODE_SIGN_IDENTITY[sdk=iphoneos*]" = "iPhone Developer";
				COPY_PHASE_STRIP = NO;
				DEBUG_INFORMATION_FORMAT = "dwarf-with-dsym";
				ENABLE_NS_ASSERTIONS = NO;
				ENABLE_STRICT_OBJC_MSGSEND = YES;
				GCC_C_LANGUAGE_STANDARD = gnu99;
				GCC_NO_COMMON_BLOCKS = YES;
				GCC_WARN_64_TO_32_BIT_CONVERSION = YES;
				GCC_WARN_ABOUT_RETURN_TYPE = YES_ERROR;
				GCC_WARN_UNDECLARED_SELECTOR = YES;
				GCC_WARN_UNINITIALIZED_AUTOS = YES_AGGRESSIVE;
				GCC_WARN_UNUSED_FUNCTION = YES;
				GCC_WARN_UNUSED_VARIABLE = YES;
				IPHONEOS_DEPLOYMENT_TARGET = 10.3;
				MTL_ENABLE_DEBUG_INFO = NO;
				SDKROOT = iphoneos;
				SWIFT_OPTIMIZATION_LEVEL = "-Owholemodule";
				TARGETED_DEVICE_FAMILY = "1,2";
				VALIDATE_PRODUCT = YES;
			};
			name = Release;
		};
		31A54DBF1F21339800AF1F16 /* Debug */ = {
			isa = XCBuildConfiguration;
			baseConfigurationReference = 2D852D3B0181B16CC57D05FD /* Pods-eventTracker.debug.xcconfig */;
			buildSettings = {
				ASSETCATALOG_COMPILER_APPICON_NAME = AppIcon;
				INFOPLIST_FILE = eventTracker/Info.plist;
				LD_RUNPATH_SEARCH_PATHS = "$(inherited) @executable_path/Frameworks";
				PRODUCT_BUNDLE_IDENTIFIER = com.example.eventTracker;
				PRODUCT_NAME = "$(TARGET_NAME)";
				SWIFT_VERSION = 3.0;
			};
			name = Debug;
		};
		31A54DC01F21339800AF1F16 /* Release */ = {
			isa = XCBuildConfiguration;
			baseConfigurationReference = 671B730EB999F5CD26A46320 /* Pods-eventTracker.release.xcconfig */;
			buildSettings = {
				ASSETCATALOG_COMPILER_APPICON_NAME = AppIcon;
				INFOPLIST_FILE = eventTracker/Info.plist;
				LD_RUNPATH_SEARCH_PATHS = "$(inherited) @executable_path/Frameworks";
				PRODUCT_BUNDLE_IDENTIFIER = com.example.eventTracker;
				PRODUCT_NAME = "$(TARGET_NAME)";
				SWIFT_VERSION = 3.0;
			};
			name = Release;
		};
		31A54DC21F21339800AF1F16 /* Debug */ = {
			isa = XCBuildConfiguration;
			buildSettings = {
				ALWAYS_EMBED_SWIFT_STANDARD_LIBRARIES = YES;
				BUNDLE_LOADER = "$(TEST_HOST)";
				INFOPLIST_FILE = eventTrackerTests/Info.plist;
				LD_RUNPATH_SEARCH_PATHS = "$(inherited) @executable_path/Frameworks @loader_path/Frameworks";
				PRODUCT_BUNDLE_IDENTIFIER = com.example.eventTrackerTests;
				PRODUCT_NAME = "$(TARGET_NAME)";
				SWIFT_VERSION = 3.0;
				TEST_HOST = "$(BUILT_PRODUCTS_DIR)/eventTracker.app/eventTracker";
			};
			name = Debug;
		};
		31A54DC31F21339800AF1F16 /* Release */ = {
			isa = XCBuildConfiguration;
			buildSettings = {
				ALWAYS_EMBED_SWIFT_STANDARD_LIBRARIES = YES;
				BUNDLE_LOADER = "$(TEST_HOST)";
				INFOPLIST_FILE = eventTrackerTests/Info.plist;
				LD_RUNPATH_SEARCH_PATHS = "$(inherited) @executable_path/Frameworks @loader_path/Frameworks";
				PRODUCT_BUNDLE_IDENTIFIER = com.example.eventTrackerTests;
				PRODUCT_NAME = "$(TARGET_NAME)";
				SWIFT_VERSION = 3.0;
				TEST_HOST = "$(BUILT_PRODUCTS_DIR)/eventTracker.app/eventTracker";
			};
			name = Release;
		};
/* End XCBuildConfiguration section */

/* Begin XCConfigurationList section */
		31A54D9C1F21339800AF1F16 /* Build configuration list for PBXProject "eventTracker" */ = {
			isa = XCConfigurationList;
			buildConfigurations = (
				31A54DBC1F21339800AF1F16 /* Debug */,
				31A54DBD1F21339800AF1F16 /* Release */,
			);
			defaultConfigurationIsVisible = 0;
			defaultConfigurationName = Release;
		};
		31A54DBE1F21339800AF1F16 /* Build configuration list for PBXNativeTarget "eventTracker" */ = {
			isa = XCConfigurationList;
			buildConfigurations = (
				31A54DBF1F21339800AF1F16 /* Debug */,
				31A54DC01F21339800AF1F16 /* Release */,
			);
			defaultConfigurationIsVisible = 0;
			defaultConfigurationName = Release;
		};
		31A54DC11F21339800AF1F16 /* Build configuration list for PBXNativeTarget "eventTrackerTests" */ = {
			isa = XCConfigurationList;
			buildConfigurations = (
				31A54DC21F21339800AF1F16 /* Debug */,
				31A54DC31F21339800AF1F16 /* Release */,
			);
			defaultConfigurationIsVisible = 0;
			defaultConfigurationName = Release;
		};
/* End XCConfigurationList section */

/* Begin XCVersionGroup section */
		9B9BECD41F55FDEA0004A725 /* Diaries.xcdatamodeld */ = {
			isa = XCVersionGroup;
			children = (
				9B9BECD51F55FDEA0004A725 /* Diaries.xcdatamodel */,
			);
			currentVersion = 9B9BECD51F55FDEA0004A725 /* Diaries.xcdatamodel */;
			path = Diaries.xcdatamodeld;
			sourceTree = "<group>";
			versionGroupType = wrapper.xcdatamodel;
		};
/* End XCVersionGroup section */
	};
	rootObject = 31A54D991F21339800AF1F16 /* Project object */;
}
